
Microsoft Visual Studio Solution File, Format Version 12.00
# Visual Studio Version 17
VisualStudioVersion = 17.10.35004.147
MinimumVisualStudioVersion = 10.0.40219.1
Project("{FAE04EC0-301F-11D3-BF4B-00C04F79EFBC}") = "Exercise12", "Exercise12\Exercise12.csproj", "{768B01E8-6AAE-45D7-A3A1-ED54699AAA4D}"
EndProject
Global
	GlobalSection(SolutionConfigurationPlatforms) = preSolution
		Debug|Any CPU = Debug|Any CPU
		Release|Any CPU = Release|Any CPU
	EndGlobalSection
	GlobalSection(ProjectConfigurationPlatforms) = postSolution
		{768B01E8-6AAE-45D7-A3A1-ED54699AAA4D}.Debug|Any CPU.ActiveCfg = Debug|Any CPU
		{768B01E8-6AAE-45D7-A3A1-ED54699AAA4D}.Debug|Any CPU.Build.0 = Debug|Any CPU
		{768B01E8-6AAE-45D7-A3A1-ED54699AAA4D}.Release|Any CPU.ActiveCfg = Release|Any CPU
		{768B01E8-6AAE-45D7-A3A1-ED54699AAA4D}.Release|Any CPU.Build.0 = Release|Any CPU
	EndGlobalSection
	GlobalSection(SolutionProperties) = preSolution
		HideSolutionNode = FALSE
	EndGlobalSection
	GlobalSection(ExtensibilityGlobals) = postSolution
		SolutionGuid = {79ED1D8E-AAC9-4267-873B-BFB5DABC5AEE}
	EndGlobalSection
EndGlobal
