
Microsoft Visual Studio Solution File, Format Version 12.00
# Visual Studio Version 17
VisualStudioVersion = 17.10.35004.147
MinimumVisualStudioVersion = 10.0.40219.1
Project("{9A19103F-16F7-4668-BE54-9A1E7A4F7556}") = "WebApplication", "WebApplication\WebApplication.csproj", "{9616E898-DAE8-4743-8D6C-D730D4711A2C}"
EndProject
Project("{2150E333-8FDC-42A3-9474-1A3956D46DE8}") = "Solution Items", "Solution Items", "{9867AAAE-90A3-46B2-951A-19443D609D29}"
	ProjectSection(SolutionItems) = preProject
		Summary.cs = Summary.cs
	EndProjectSection
EndProject
Project("{9A19103F-16F7-4668-BE54-9A1E7A4F7556}") = "DataAccessLayer", "DataAccessLayer\DataAccessLayer.csproj", "{6A68306E-ED89-4924-AB29-60C9ABA9BBFB}"
EndProject
Global
	GlobalSection(SolutionConfigurationPlatforms) = preSolution
		Debug|Any CPU = Debug|Any CPU
		Release|Any CPU = Release|Any CPU
	EndGlobalSection
	GlobalSection(ProjectConfigurationPlatforms) = postSolution
		{9616E898-DAE8-4743-8D6C-D730D4711A2C}.Debug|Any CPU.ActiveCfg = Debug|Any CPU
		{9616E898-DAE8-4743-8D6C-D730D4711A2C}.Debug|Any CPU.Build.0 = Debug|Any CPU
		{9616E898-DAE8-4743-8D6C-D730D4711A2C}.Release|Any CPU.ActiveCfg = Release|Any CPU
		{9616E898-DAE8-4743-8D6C-D730D4711A2C}.Release|Any CPU.Build.0 = Release|Any CPU
		{6A68306E-ED89-4924-AB29-60C9ABA9BBFB}.Debug|Any CPU.ActiveCfg = Debug|Any CPU
		{6A68306E-ED89-4924-AB29-60C9ABA9BBFB}.Debug|Any CPU.Build.0 = Debug|Any CPU
		{6A68306E-ED89-4924-AB29-60C9ABA9BBFB}.Release|Any CPU.ActiveCfg = Release|Any CPU
		{6A68306E-ED89-4924-AB29-60C9ABA9BBFB}.Release|Any CPU.Build.0 = Release|Any CPU
	EndGlobalSection
	GlobalSection(SolutionProperties) = preSolution
		HideSolutionNode = FALSE
	EndGlobalSection
	GlobalSection(ExtensibilityGlobals) = postSolution
		SolutionGuid = {B8E5865B-8C1D-4F88-A61B-DDB1F28A7922}
	EndGlobalSection
EndGlobal
