
Microsoft Visual Studio Solution File, Format Version 12.00
# Visual Studio Version 17
VisualStudioVersion = 17.10.35004.147
MinimumVisualStudioVersion = 10.0.40219.1
Project("{FAE04EC0-301F-11D3-BF4B-00C04F79EFBC}") = "SOLIDprinciples", "SOLIDprinciples\SOLIDprinciples.csproj", "{F5587BEF-F18C-4D62-B4C0-F9D59A028F80}"
EndProject
Global
	GlobalSection(SolutionConfigurationPlatforms) = preSolution
		Debug|Any CPU = Debug|Any CPU
		Release|Any CPU = Release|Any CPU
	EndGlobalSection
	GlobalSection(ProjectConfigurationPlatforms) = postSolution
		{F5587BEF-F18C-4D62-B4C0-F9D59A028F80}.Debug|Any CPU.ActiveCfg = Debug|Any CPU
		{F5587BEF-F18C-4D62-B4C0-F9D59A028F80}.Debug|Any CPU.Build.0 = Debug|Any CPU
		{F5587BEF-F18C-4D62-B4C0-F9D59A028F80}.Release|Any CPU.ActiveCfg = Release|Any CPU
		{F5587BEF-F18C-4D62-B4C0-F9D59A028F80}.Release|Any CPU.Build.0 = Release|Any CPU
	EndGlobalSection
	GlobalSection(SolutionProperties) = preSolution
		HideSolutionNode = FALSE
	EndGlobalSection
	GlobalSection(ExtensibilityGlobals) = postSolution
		SolutionGuid = {728AC34D-7EC3-49E2-8458-1FC835A73B18}
	EndGlobalSection
EndGlobal
