
Microsoft Visual Studio Solution File, Format Version 12.00
# Visual Studio Version 17
VisualStudioVersion = 17.10.35004.147
MinimumVisualStudioVersion = 10.0.40219.1
Project("{FAE04EC0-301F-11D3-BF4B-00C04F79EFBC}") = "Exercise1", "Exercise1\Exercise1.csproj", "{D00AA9D3-5645-4D36-A29D-F99031A872C3}"
EndProject
Global
	GlobalSection(SolutionConfigurationPlatforms) = preSolution
		Debug|Any CPU = Debug|Any CPU
		Release|Any CPU = Release|Any CPU
	EndGlobalSection
	GlobalSection(ProjectConfigurationPlatforms) = postSolution
		{D00AA9D3-5645-4D36-A29D-F99031A872C3}.Debug|Any CPU.ActiveCfg = Debug|Any CPU
		{D00AA9D3-5645-4D36-A29D-F99031A872C3}.Debug|Any CPU.Build.0 = Debug|Any CPU
		{D00AA9D3-5645-4D36-A29D-F99031A872C3}.Release|Any CPU.ActiveCfg = Release|Any CPU
		{D00AA9D3-5645-4D36-A29D-F99031A872C3}.Release|Any CPU.Build.0 = Release|Any CPU
	EndGlobalSection
	GlobalSection(SolutionProperties) = preSolution
		HideSolutionNode = FALSE
	EndGlobalSection
	GlobalSection(ExtensibilityGlobals) = postSolution
		SolutionGuid = {9829BEEA-747F-43A2-BD71-4BAB8E5E0F2E}
	EndGlobalSection
EndGlobal
