
Microsoft Visual Studio Solution File, Format Version 12.00
# Visual Studio Version 17
VisualStudioVersion = 17.10.35004.147
MinimumVisualStudioVersion = 10.0.40219.1
Project("{FAE04EC0-301F-11D3-BF4B-00C04F79EFBC}") = "ProgramDelegat", "ProgramDelegat\ProgramDelegat.csproj", "{026BE440-14BC-45C6-88B3-DE4E7B6C1DE0}"
EndProject
Global
	GlobalSection(SolutionConfigurationPlatforms) = preSolution
		Debug|Any CPU = Debug|Any CPU
		Release|Any CPU = Release|Any CPU
	EndGlobalSection
	GlobalSection(ProjectConfigurationPlatforms) = postSolution
		{026BE440-14BC-45C6-88B3-DE4E7B6C1DE0}.Debug|Any CPU.ActiveCfg = Debug|Any CPU
		{026BE440-14BC-45C6-88B3-DE4E7B6C1DE0}.Debug|Any CPU.Build.0 = Debug|Any CPU
		{026BE440-14BC-45C6-88B3-DE4E7B6C1DE0}.Release|Any CPU.ActiveCfg = Release|Any CPU
		{026BE440-14BC-45C6-88B3-DE4E7B6C1DE0}.Release|Any CPU.Build.0 = Release|Any CPU
	EndGlobalSection
	GlobalSection(SolutionProperties) = preSolution
		HideSolutionNode = FALSE
	EndGlobalSection
	GlobalSection(ExtensibilityGlobals) = postSolution
		SolutionGuid = {7B6BC765-8C0A-4D41-9611-8AC4D0054EBB}
	EndGlobalSection
EndGlobal
